
Microsoft Visual Studio Solution File, Format Version 12.00
# Visual Studio Version 17
VisualStudioVersion = 17.5.002.0
MinimumVisualStudioVersion = 10.0.40219.1
Project("{9A19103F-16F7-4668-BE54-9A1E7A4F7556}") = "MyApp", "MyApp.csproj", "{C99C7418-97D0-455A-99EA-B40385A3F737}"
EndProject
Global
	GlobalSection(SolutionConfigurationPlatforms) = preSolution
		Debug|Any CPU = Debug|Any CPU
		Release|Any CPU = Release|Any CPU
	EndGlobalSection
	GlobalSection(ProjectConfigurationPlatforms) = postSolution
		{C99C7418-97D0-455A-99EA-B40385A3F737}.Debug|Any CPU.ActiveCfg = Debug|Any CPU
		{C99C7418-97D0-455A-99EA-B40385A3F737}.Debug|Any CPU.Build.0 = Debug|Any CPU
		{C99C7418-97D0-455A-99EA-B40385A3F737}.Release|Any CPU.ActiveCfg = Release|Any CPU
		{C99C7418-97D0-455A-99EA-B40385A3F737}.Release|Any CPU.Build.0 = Release|Any CPU
	EndGlobalSection
	GlobalSection(SolutionProperties) = preSolution
		HideSolutionNode = FALSE
	EndGlobalSection
	GlobalSection(ExtensibilityGlobals) = postSolution
		SolutionGuid = {DD1616B8-C445-4CCD-A4B1-E17CFFC68399}
	EndGlobalSection
EndGlobal
